{
  "version": 4,
  "terraform_version": "1.4.6",
  "serial": 27,
  "lineage": "78b06a3a-4d36-d4bb-559a-de506bfae3b1",
  "outputs": {
    "webapp_ips": {
      "value": "20.71.14.202,20.71.14.235,20.71.15.64,20.71.15.67,20.73.128.133,20.73.128.169,20.71.8.16,20.71.8.178,20.71.9.47,20.71.9.98,20.71.9.113,20.71.9.196,20.105.232.31",
      "type": "string"
    },
    "webapp_url": {
      "value": "task-board-14507.azurewebsites.net",
      "type": "string"
    }
  },
  "resources": [
    {
      "mode": "managed",
      "type": "azurerm_app_service_source_control",
      "name": "git",
      "provider": "provider[\"registry.terraform.io/hashicorp/azurerm\"]",
      "instances": [
        {
          "schema_version": 0,
          "attributes": {
            "app_id": "/subscriptions/926f046f-9150-4c5b-8002-334a2bc99822/resourceGroups/task-board-rg-14507/providers/Microsoft.Web/sites/task-board-14507",
            "branch": "main",
            "github_action_configuration": [],
            "id": "/subscriptions/926f046f-9150-4c5b-8002-334a2bc99822/resourceGroups/task-board-rg-14507/providers/Microsoft.Web/sites/task-board-14507",
            "repo_url": "https://github.com/Andon-ov/TaskBoard",
            "rollback_enabled": false,
            "scm_type": "ExternalGit",
            "timeouts": null,
            "use_local_git": false,
            "use_manual_integration": true,
            "use_mercurial": false,
            "uses_github_action": false
          },
          "sensitive_attributes": [],
          "private": "eyJlMmJmYjczMC1lY2FhLTExZTYtOGY4OC0zNDM2M2JjN2M0YzAiOnsiY3JlYXRlIjoxODAwMDAwMDAwMDAwLCJkZWxldGUiOjE4MDAwMDAwMDAwMDAsInJlYWQiOjMwMDAwMDAwMDAwMH19",
          "dependencies": [
            "azurerm_linux_web_app.appservice",
            "azurerm_mssql_database.sql",
            "azurerm_mssql_server.sqlserver",
            "azurerm_resource_group.rg",
            "azurerm_service_plan.appsp",
            "random_integer.ri"
          ]
        }
      ]
    },
    {
      "mode": "managed",
      "type": "azurerm_linux_web_app",
      "name": "appservice",
      "provider": "provider[\"registry.terraform.io/hashicorp/azurerm\"]",
      "instances": [
        {
          "schema_version": 0,
          "attributes": {
            "app_settings": null,
            "auth_settings": [],
            "auth_settings_v2": [],
            "backup": [],
            "client_affinity_enabled": false,
            "client_certificate_enabled": false,
            "client_certificate_exclusion_paths": "",
            "client_certificate_mode": "Required",
            "connection_string": [
              {
                "name": "DefaultConnection",
                "type": "SQLAzure",
                "value": "Data Source=tcp:task-board-sql-14507.database.windows.net,1433;Initial Catalog=task-board-db-14507;User ID=4dm1n157r470r;Password=4-v3ry-53cr37-p455w0rd;Trusted_Connection=False;MultipleActiveResultSets=True;"
              }
            ],
            "custom_domain_verification_id": "E0E98A375AB344F8305B2D00573F9B73B24DCA858772272A630F8BCC199238E4",
            "default_hostname": "task-board-14507.azurewebsites.net",
            "enabled": true,
            "hosting_environment_id": "",
            "https_only": false,
            "id": "/subscriptions/926f046f-9150-4c5b-8002-334a2bc99822/resourceGroups/task-board-rg-14507/providers/Microsoft.Web/sites/task-board-14507",
            "identity": [],
            "key_vault_reference_identity_id": "SystemAssigned",
            "kind": "app,linux",
            "location": "westeurope",
            "logs": [],
            "name": "task-board-14507",
            "outbound_ip_address_list": [
              "20.71.14.202",
              "20.71.14.235",
              "20.71.15.64",
              "20.71.15.67",
              "20.73.128.133",
              "20.73.128.169",
              "20.71.8.16",
              "20.71.8.178",
              "20.71.9.47",
              "20.71.9.98",
              "20.71.9.113",
              "20.71.9.196",
              "20.105.232.31"
            ],
            "outbound_ip_addresses": "20.71.14.202,20.71.14.235,20.71.15.64,20.71.15.67,20.73.128.133,20.73.128.169,20.71.8.16,20.71.8.178,20.71.9.47,20.71.9.98,20.71.9.113,20.71.9.196,20.105.232.31",
            "possible_outbound_ip_address_list": [
              "20.71.14.202",
              "20.71.14.235",
              "20.71.15.64",
              "20.71.15.67",
              "20.73.128.133",
              "20.73.128.169",
              "20.71.8.16",
              "20.71.8.178",
              "20.71.9.47",
              "20.71.9.98",
              "20.71.9.113",
              "20.71.9.196",
              "20.71.10.57",
              "20.71.10.241",
              "20.71.11.42",
              "20.71.11.75",
              "20.71.12.6",
              "20.71.12.43",
              "20.71.12.105",
              "20.71.14.85",
              "20.71.11.127",
              "20.71.14.136",
              "20.71.14.179",
              "20.71.14.200",
              "20.71.14.202",
              "20.71.14.235",
              "20.71.15.64",
              "20.71.15.67",
              "20.73.128.133",
              "20.73.128.169",
              "20.73.129.47",
              "20.73.129.88",
              "20.73.130.79",
              "20.73.130.134",
              "20.73.130.177",
              "20.73.130.233",
              "20.105.232.31"
            ],
            "possible_outbound_ip_addresses": "20.71.14.202,20.71.14.235,20.71.15.64,20.71.15.67,20.73.128.133,20.73.128.169,20.71.8.16,20.71.8.178,20.71.9.47,20.71.9.98,20.71.9.113,20.71.9.196,20.71.10.57,20.71.10.241,20.71.11.42,20.71.11.75,20.71.12.6,20.71.12.43,20.71.12.105,20.71.14.85,20.71.11.127,20.71.14.136,20.71.14.179,20.71.14.200,20.71.14.202,20.71.14.235,20.71.15.64,20.71.15.67,20.73.128.133,20.73.128.169,20.73.129.47,20.73.129.88,20.73.130.79,20.73.130.134,20.73.130.177,20.73.130.233,20.105.232.31",
            "resource_group_name": "task-board-rg-14507",
            "service_plan_id": "/subscriptions/926f046f-9150-4c5b-8002-334a2bc99822/resourceGroups/task-board-rg-14507/providers/Microsoft.Web/serverfarms/task-board-sp-14507",
            "site_config": [
              {
                "always_on": false,
                "api_definition_url": "",
                "api_management_api_id": "",
                "app_command_line": "",
                "application_stack": [
                  {
                    "docker_image": "",
                    "docker_image_tag": "",
                    "dotnet_version": "6.0",
                    "go_version": "",
                    "java_server": "",
                    "java_server_version": "",
                    "java_version": "",
                    "node_version": "",
                    "php_version": "",
                    "python_version": "",
                    "ruby_version": ""
                  }
                ],
                "auto_heal_enabled": false,
                "auto_heal_setting": [],
                "container_registry_managed_identity_client_id": "",
                "container_registry_use_managed_identity": false,
                "cors": [],
                "default_documents": [
                  "Default.htm",
                  "Default.html",
                  "Default.asp",
                  "index.htm",
                  "index.html",
                  "iisstart.htm",
                  "default.aspx",
                  "index.php",
                  "hostingstart.html"
                ],
                "detailed_error_logging_enabled": false,
                "ftps_state": "Disabled",
                "health_check_eviction_time_in_min": 0,
                "health_check_path": "",
                "http2_enabled": false,
                "ip_restriction": [],
                "linux_fx_version": "DOTNETCORE|6.0",
                "load_balancing_mode": "LeastRequests",
                "local_mysql_enabled": false,
                "managed_pipeline_mode": "Integrated",
                "minimum_tls_version": "1.2",
                "remote_debugging_enabled": false,
                "remote_debugging_version": "VS2019",
                "scm_ip_restriction": [],
                "scm_minimum_tls_version": "1.2",
                "scm_type": "None",
                "scm_use_main_ip_restriction": false,
                "use_32_bit_worker": true,
                "vnet_route_all_enabled": false,
                "websockets_enabled": false,
                "worker_count": 1
              }
            ],
            "site_credential": [
              {
                "name": "$task-board-14507",
                "password": "BRG875mjwEtrcT7rQLy9ulRmYblauhr3gX3fvlccB9bW0BpX4tB3wHoB1CXf"
              }
            ],
            "sticky_settings": [],
            "storage_account": [],
            "tags": null,
            "timeouts": null,
            "virtual_network_subnet_id": "",
            "zip_deploy_file": ""
          },
          "sensitive_attributes": [
            [
              {
                "type": "get_attr",
                "value": "connection_string"
              }
            ]
          ],
          "private": "eyJlMmJmYjczMC1lY2FhLTExZTYtOGY4OC0zNDM2M2JjN2M0YzAiOnsiY3JlYXRlIjoxODAwMDAwMDAwMDAwLCJkZWxldGUiOjE4MDAwMDAwMDAwMDAsInJlYWQiOjMwMDAwMDAwMDAwMCwidXBkYXRlIjoxODAwMDAwMDAwMDAwfX0=",
          "dependencies": [
            "azurerm_mssql_database.sql",
            "azurerm_mssql_server.sqlserver",
            "azurerm_resource_group.rg",
            "azurerm_service_plan.appsp",
            "random_integer.ri"
          ]
        }
      ]
    },
    {
      "mode": "managed",
      "type": "azurerm_mssql_database",
      "name": "sql",
      "provider": "provider[\"registry.terraform.io/hashicorp/azurerm\"]",
      "instances": [
        {
          "schema_version": 1,
          "attributes": {
            "auto_pause_delay_in_minutes": 0,
            "collation": "SQL_Latin1_General_CP1_CI_AS",
            "create_mode": "Default",
            "creation_source_database_id": null,
            "elastic_pool_id": "",
            "geo_backup_enabled": true,
            "id": "/subscriptions/926f046f-9150-4c5b-8002-334a2bc99822/resourceGroups/task-board-rg-14507/providers/Microsoft.Sql/servers/task-board-sql-14507/databases/task-board-db-14507",
            "import": [],
            "ledger_enabled": false,
            "license_type": "LicenseIncluded",
            "long_term_retention_policy": [
              {
                "monthly_retention": "PT0S",
                "week_of_year": 1,
                "weekly_retention": "PT0S",
                "yearly_retention": "PT0S"
              }
            ],
            "maintenance_configuration_name": "SQL_Default",
            "max_size_gb": 250,
            "min_capacity": 0,
            "name": "task-board-db-14507",
            "read_replica_count": 0,
            "read_scale": false,
            "recover_database_id": null,
            "restore_dropped_database_id": null,
            "restore_point_in_time": null,
            "sample_name": null,
            "server_id": "/subscriptions/926f046f-9150-4c5b-8002-334a2bc99822/resourceGroups/task-board-rg-14507/providers/Microsoft.Sql/servers/task-board-sql-14507",
            "short_term_retention_policy": [
              {
                "backup_interval_in_hours": 24,
                "retention_days": 7
              }
            ],
            "sku_name": "S0",
            "storage_account_type": "Geo",
            "tags": null,
            "threat_detection_policy": [
              {
                "disabled_alerts": [],
                "email_account_admins": "Disabled",
                "email_addresses": [],
                "retention_days": 0,
                "state": "Disabled",
                "storage_account_access_key": "",
                "storage_endpoint": ""
              }
            ],
            "timeouts": null,
            "transparent_data_encryption_enabled": true,
            "zone_redundant": false
          },
          "sensitive_attributes": [],
          "private": "eyJlMmJmYjczMC1lY2FhLTExZTYtOGY4OC0zNDM2M2JjN2M0YzAiOnsiY3JlYXRlIjozNjAwMDAwMDAwMDAwLCJkZWxldGUiOjM2MDAwMDAwMDAwMDAsInJlYWQiOjMwMDAwMDAwMDAwMCwidXBkYXRlIjozNjAwMDAwMDAwMDAwfSwic2NoZW1hX3ZlcnNpb24iOiIxIn0=",
          "dependencies": [
            "azurerm_mssql_server.sqlserver",
            "azurerm_resource_group.rg",
            "random_integer.ri"
          ]
        }
      ]
    },
    {
      "mode": "managed",
      "type": "azurerm_mssql_firewall_rule",
      "name": "firewall",
      "provider": "provider[\"registry.terraform.io/hashicorp/azurerm\"]",
      "instances": [
        {
          "schema_version": 0,
          "attributes": {
            "end_ip_address": "0.0.0.0",
            "id": "/subscriptions/926f046f-9150-4c5b-8002-334a2bc99822/resourceGroups/task-board-rg-14507/providers/Microsoft.Sql/servers/task-board-sql-14507/firewallRules/task-board-fw-14507",
            "name": "task-board-fw-14507",
            "server_id": "/subscriptions/926f046f-9150-4c5b-8002-334a2bc99822/resourceGroups/task-board-rg-14507/providers/Microsoft.Sql/servers/task-board-sql-14507",
            "start_ip_address": "0.0.0.0",
            "timeouts": null
          },
          "sensitive_attributes": [],
          "private": "eyJlMmJmYjczMC1lY2FhLTExZTYtOGY4OC0zNDM2M2JjN2M0YzAiOnsiY3JlYXRlIjoxODAwMDAwMDAwMDAwLCJkZWxldGUiOjE4MDAwMDAwMDAwMDAsInJlYWQiOjMwMDAwMDAwMDAwMCwidXBkYXRlIjoxODAwMDAwMDAwMDAwfX0=",
          "dependencies": [
            "azurerm_mssql_server.sqlserver",
            "azurerm_resource_group.rg",
            "random_integer.ri"
          ]
        }
      ]
    },
    {
      "mode": "managed",
      "type": "azurerm_mssql_server",
      "name": "sqlserver",
      "provider": "provider[\"registry.terraform.io/hashicorp/azurerm\"]",
      "instances": [
        {
          "schema_version": 0,
          "attributes": {
            "administrator_login": "4dm1n157r470r",
            "administrator_login_password": "4-v3ry-53cr37-p455w0rd",
            "azuread_administrator": [],
            "connection_policy": "Default",
            "fully_qualified_domain_name": "task-board-sql-14507.database.windows.net",
            "id": "/subscriptions/926f046f-9150-4c5b-8002-334a2bc99822/resourceGroups/task-board-rg-14507/providers/Microsoft.Sql/servers/task-board-sql-14507",
            "identity": [],
            "location": "westeurope",
            "minimum_tls_version": "1.2",
            "name": "task-board-sql-14507",
            "outbound_network_restriction_enabled": false,
            "primary_user_assigned_identity_id": "",
            "public_network_access_enabled": true,
            "resource_group_name": "task-board-rg-14507",
            "restorable_dropped_database_ids": [],
            "tags": null,
            "timeouts": null,
            "transparent_data_encryption_key_vault_key_id": "",
            "version": "12.0"
          },
          "sensitive_attributes": [],
          "private": "eyJlMmJmYjczMC1lY2FhLTExZTYtOGY4OC0zNDM2M2JjN2M0YzAiOnsiY3JlYXRlIjozNjAwMDAwMDAwMDAwLCJkZWxldGUiOjM2MDAwMDAwMDAwMDAsInJlYWQiOjMwMDAwMDAwMDAwMCwidXBkYXRlIjozNjAwMDAwMDAwMDAwfX0=",
          "dependencies": [
            "azurerm_resource_group.rg",
            "random_integer.ri"
          ]
        }
      ]
    },
    {
      "mode": "managed",
      "type": "azurerm_resource_group",
      "name": "rg",
      "provider": "provider[\"registry.terraform.io/hashicorp/azurerm\"]",
      "instances": [
        {
          "schema_version": 0,
          "attributes": {
            "id": "/subscriptions/926f046f-9150-4c5b-8002-334a2bc99822/resourceGroups/task-board-rg-14507",
            "location": "westeurope",
            "name": "task-board-rg-14507",
            "tags": null,
            "timeouts": null
          },
          "sensitive_attributes": [],
          "private": "eyJlMmJmYjczMC1lY2FhLTExZTYtOGY4OC0zNDM2M2JjN2M0YzAiOnsiY3JlYXRlIjo1NDAwMDAwMDAwMDAwLCJkZWxldGUiOjU0MDAwMDAwMDAwMDAsInJlYWQiOjMwMDAwMDAwMDAwMCwidXBkYXRlIjo1NDAwMDAwMDAwMDAwfX0=",
          "dependencies": [
            "random_integer.ri"
          ]
        }
      ]
    },
    {
      "mode": "managed",
      "type": "azurerm_service_plan",
      "name": "appsp",
      "provider": "provider[\"registry.terraform.io/hashicorp/azurerm\"]",
      "instances": [
        {
          "schema_version": 0,
          "attributes": {
            "app_service_environment_id": "",
            "id": "/subscriptions/926f046f-9150-4c5b-8002-334a2bc99822/resourceGroups/task-board-rg-14507/providers/Microsoft.Web/serverfarms/task-board-sp-14507",
            "kind": "linux",
            "location": "westeurope",
            "maximum_elastic_worker_count": 1,
            "name": "task-board-sp-14507",
            "os_type": "Linux",
            "per_site_scaling_enabled": false,
            "reserved": true,
            "resource_group_name": "task-board-rg-14507",
            "sku_name": "F1",
            "tags": null,
            "timeouts": null,
            "worker_count": 1,
            "zone_balancing_enabled": false
          },
          "sensitive_attributes": [],
          "private": "eyJlMmJmYjczMC1lY2FhLTExZTYtOGY4OC0zNDM2M2JjN2M0YzAiOnsiY3JlYXRlIjozNjAwMDAwMDAwMDAwLCJkZWxldGUiOjM2MDAwMDAwMDAwMDAsInJlYWQiOjMwMDAwMDAwMDAwMCwidXBkYXRlIjozNjAwMDAwMDAwMDAwfX0=",
          "dependencies": [
            "azurerm_resource_group.rg",
            "random_integer.ri"
          ]
        }
      ]
    },
    {
      "mode": "managed",
      "type": "random_integer",
      "name": "ri",
      "provider": "provider[\"registry.terraform.io/hashicorp/random\"]",
      "instances": [
        {
          "schema_version": 0,
          "attributes": {
            "id": "14507",
            "keepers": null,
            "max": 99999,
            "min": 10000,
            "result": 14507,
            "seed": null
          },
          "sensitive_attributes": []
        }
      ]
    }
  ],
  "check_results": null
}
